
Microsoft Visual Studio Solution File, Format Version 12.00
# Visual Studio Version 17
VisualStudioVersion = 17.13.35825.156 d17.13
MinimumVisualStudioVersion = 10.0.40219.1
Project("{FAE04EC0-301F-11D3-BF4B-00C04F79EFBC}") = "GKS-API", "GKS-API\GKS-API.csproj", "{DE89A628-444D-4098-A617-D1A0D1EE2174}"
EndProject
Project("{FAE04EC0-301F-11D3-BF4B-00C04F79EFBC}") = "GKS.Core", "GKS.Core\GKS.Core.csproj", "{0CC464A8-06D1-4C7D-A7E7-99F100F80EE8}"
EndProject
Project("{FAE04EC0-301F-11D3-BF4B-00C04F79EFBC}") = "GKD.Data", "GKD.Data\GKD.Data.csproj", "{3E84C2E3-9907-4BA6-B3E8-FF4A2DA17D91}"
EndProject
Project("{FAE04EC0-301F-11D3-BF4B-00C04F79EFBC}") = "GKS.Service", "GKS.Service\GKS.Service.csproj", "{EC6DF97C-355B-46C0-ABA0-785D5DAA6950}"
EndProject
Global
	GlobalSection(SolutionConfigurationPlatforms) = preSolution
		Debug|Any CPU = Debug|Any CPU
		Release|Any CPU = Release|Any CPU
	EndGlobalSection
	GlobalSection(ProjectConfigurationPlatforms) = postSolution
		{DE89A628-444D-4098-A617-D1A0D1EE2174}.Debug|Any CPU.ActiveCfg = Debug|Any CPU
		{DE89A628-444D-4098-A617-D1A0D1EE2174}.Debug|Any CPU.Build.0 = Debug|Any CPU
		{DE89A628-444D-4098-A617-D1A0D1EE2174}.Release|Any CPU.ActiveCfg = Release|Any CPU
		{DE89A628-444D-4098-A617-D1A0D1EE2174}.Release|Any CPU.Build.0 = Release|Any CPU
		{0CC464A8-06D1-4C7D-A7E7-99F100F80EE8}.Debug|Any CPU.ActiveCfg = Debug|Any CPU
		{0CC464A8-06D1-4C7D-A7E7-99F100F80EE8}.Debug|Any CPU.Build.0 = Debug|Any CPU
		{0CC464A8-06D1-4C7D-A7E7-99F100F80EE8}.Release|Any CPU.ActiveCfg = Release|Any CPU
		{0CC464A8-06D1-4C7D-A7E7-99F100F80EE8}.Release|Any CPU.Build.0 = Release|Any CPU
		{3E84C2E3-9907-4BA6-B3E8-FF4A2DA17D91}.Debug|Any CPU.ActiveCfg = Debug|Any CPU
		{3E84C2E3-9907-4BA6-B3E8-FF4A2DA17D91}.Debug|Any CPU.Build.0 = Debug|Any CPU
		{3E84C2E3-9907-4BA6-B3E8-FF4A2DA17D91}.Release|Any CPU.ActiveCfg = Release|Any CPU
		{3E84C2E3-9907-4BA6-B3E8-FF4A2DA17D91}.Release|Any CPU.Build.0 = Release|Any CPU
		{EC6DF97C-355B-46C0-ABA0-785D5DAA6950}.Debug|Any CPU.ActiveCfg = Debug|Any CPU
		{EC6DF97C-355B-46C0-ABA0-785D5DAA6950}.Debug|Any CPU.Build.0 = Debug|Any CPU
		{EC6DF97C-355B-46C0-ABA0-785D5DAA6950}.Release|Any CPU.ActiveCfg = Release|Any CPU
		{EC6DF97C-355B-46C0-ABA0-785D5DAA6950}.Release|Any CPU.Build.0 = Release|Any CPU
	EndGlobalSection
	GlobalSection(SolutionProperties) = preSolution
		HideSolutionNode = FALSE
	EndGlobalSection
	GlobalSection(ExtensibilityGlobals) = postSolution
		SolutionGuid = {8647B2F5-2941-415E-890F-8B632DA15F74}
	EndGlobalSection
EndGlobal
